
Microsoft Visual Studio Solution File, Format Version 12.00
# Visual Studio Version 16
VisualStudioVersion = 16.0.30114.105
MinimumVisualStudioVersion = 10.0.40219.1
Project("{FAE04EC0-301F-11D3-BF4B-00C04F79EFBC}") = "UI", "UI\UI.csproj", "{A87405ED-609D-4451-92B0-AD1B505F8EDE}"
EndProject
Project("{FAE04EC0-301F-11D3-BF4B-00C04F79EFBC}") = "BL", "BL\BL.csproj", "{1E690E39-32D5-4D18-84CF-B1CBFC1640F2}"
EndProject
Project("{FAE04EC0-301F-11D3-BF4B-00C04F79EFBC}") = "DL", "DL\DL.csproj", "{E2B8DCDC-4B53-4252-8C4F-BBC0AFD1D4D6}"
EndProject
Project("{FAE04EC0-301F-11D3-BF4B-00C04F79EFBC}") = "Models", "Models\Models.csproj", "{B1F43A68-A853-4D1C-83C0-6B62CFADFF57}"
EndProject
Project("{FAE04EC0-301F-11D3-BF4B-00C04F79EFBC}") = "Tests", "Tests\Tests.csproj", "{411A0E82-4426-49E7-97C4-93C74E4BC773}"
EndProject
Global
	GlobalSection(SolutionConfigurationPlatforms) = preSolution
		Debug|Any CPU = Debug|Any CPU
		Debug|x64 = Debug|x64
		Debug|x86 = Debug|x86
		Release|Any CPU = Release|Any CPU
		Release|x64 = Release|x64
		Release|x86 = Release|x86
	EndGlobalSection
	GlobalSection(SolutionProperties) = preSolution
		HideSolutionNode = FALSE
	EndGlobalSection
	GlobalSection(ProjectConfigurationPlatforms) = postSolution
		{A87405ED-609D-4451-92B0-AD1B505F8EDE}.Debug|Any CPU.ActiveCfg = Debug|Any CPU
		{A87405ED-609D-4451-92B0-AD1B505F8EDE}.Debug|Any CPU.Build.0 = Debug|Any CPU
		{A87405ED-609D-4451-92B0-AD1B505F8EDE}.Debug|x64.ActiveCfg = Debug|Any CPU
		{A87405ED-609D-4451-92B0-AD1B505F8EDE}.Debug|x64.Build.0 = Debug|Any CPU
		{A87405ED-609D-4451-92B0-AD1B505F8EDE}.Debug|x86.ActiveCfg = Debug|Any CPU
		{A87405ED-609D-4451-92B0-AD1B505F8EDE}.Debug|x86.Build.0 = Debug|Any CPU
		{A87405ED-609D-4451-92B0-AD1B505F8EDE}.Release|Any CPU.ActiveCfg = Release|Any CPU
		{A87405ED-609D-4451-92B0-AD1B505F8EDE}.Release|Any CPU.Build.0 = Release|Any CPU
		{A87405ED-609D-4451-92B0-AD1B505F8EDE}.Release|x64.ActiveCfg = Release|Any CPU
		{A87405ED-609D-4451-92B0-AD1B505F8EDE}.Release|x64.Build.0 = Release|Any CPU
		{A87405ED-609D-4451-92B0-AD1B505F8EDE}.Release|x86.ActiveCfg = Release|Any CPU
		{A87405ED-609D-4451-92B0-AD1B505F8EDE}.Release|x86.Build.0 = Release|Any CPU
		{1E690E39-32D5-4D18-84CF-B1CBFC1640F2}.Debug|Any CPU.ActiveCfg = Debug|Any CPU
		{1E690E39-32D5-4D18-84CF-B1CBFC1640F2}.Debug|Any CPU.Build.0 = Debug|Any CPU
		{1E690E39-32D5-4D18-84CF-B1CBFC1640F2}.Debug|x64.ActiveCfg = Debug|Any CPU
		{1E690E39-32D5-4D18-84CF-B1CBFC1640F2}.Debug|x64.Build.0 = Debug|Any CPU
		{1E690E39-32D5-4D18-84CF-B1CBFC1640F2}.Debug|x86.ActiveCfg = Debug|Any CPU
		{1E690E39-32D5-4D18-84CF-B1CBFC1640F2}.Debug|x86.Build.0 = Debug|Any CPU
		{1E690E39-32D5-4D18-84CF-B1CBFC1640F2}.Release|Any CPU.ActiveCfg = Release|Any CPU
		{1E690E39-32D5-4D18-84CF-B1CBFC1640F2}.Release|Any CPU.Build.0 = Release|Any CPU
		{1E690E39-32D5-4D18-84CF-B1CBFC1640F2}.Release|x64.ActiveCfg = Release|Any CPU
		{1E690E39-32D5-4D18-84CF-B1CBFC1640F2}.Release|x64.Build.0 = Release|Any CPU
		{1E690E39-32D5-4D18-84CF-B1CBFC1640F2}.Release|x86.ActiveCfg = Release|Any CPU
		{1E690E39-32D5-4D18-84CF-B1CBFC1640F2}.Release|x86.Build.0 = Release|Any CPU
		{E2B8DCDC-4B53-4252-8C4F-BBC0AFD1D4D6}.Debug|Any CPU.ActiveCfg = Debug|Any CPU
		{E2B8DCDC-4B53-4252-8C4F-BBC0AFD1D4D6}.Debug|Any CPU.Build.0 = Debug|Any CPU
		{E2B8DCDC-4B53-4252-8C4F-BBC0AFD1D4D6}.Debug|x64.ActiveCfg = Debug|Any CPU
		{E2B8DCDC-4B53-4252-8C4F-BBC0AFD1D4D6}.Debug|x64.Build.0 = Debug|Any CPU
		{E2B8DCDC-4B53-4252-8C4F-BBC0AFD1D4D6}.Debug|x86.ActiveCfg = Debug|Any CPU
		{E2B8DCDC-4B53-4252-8C4F-BBC0AFD1D4D6}.Debug|x86.Build.0 = Debug|Any CPU
		{E2B8DCDC-4B53-4252-8C4F-BBC0AFD1D4D6}.Release|Any CPU.ActiveCfg = Release|Any CPU
		{E2B8DCDC-4B53-4252-8C4F-BBC0AFD1D4D6}.Release|Any CPU.Build.0 = Release|Any CPU
		{E2B8DCDC-4B53-4252-8C4F-BBC0AFD1D4D6}.Release|x64.ActiveCfg = Release|Any CPU
		{E2B8DCDC-4B53-4252-8C4F-BBC0AFD1D4D6}.Release|x64.Build.0 = Release|Any CPU
		{E2B8DCDC-4B53-4252-8C4F-BBC0AFD1D4D6}.Release|x86.ActiveCfg = Release|Any CPU
		{E2B8DCDC-4B53-4252-8C4F-BBC0AFD1D4D6}.Release|x86.Build.0 = Release|Any CPU
		{B1F43A68-A853-4D1C-83C0-6B62CFADFF57}.Debug|Any CPU.ActiveCfg = Debug|Any CPU
		{B1F43A68-A853-4D1C-83C0-6B62CFADFF57}.Debug|Any CPU.Build.0 = Debug|Any CPU
		{B1F43A68-A853-4D1C-83C0-6B62CFADFF57}.Debug|x64.ActiveCfg = Debug|Any CPU
		{B1F43A68-A853-4D1C-83C0-6B62CFADFF57}.Debug|x64.Build.0 = Debug|Any CPU
		{B1F43A68-A853-4D1C-83C0-6B62CFADFF57}.Debug|x86.ActiveCfg = Debug|Any CPU
		{B1F43A68-A853-4D1C-83C0-6B62CFADFF57}.Debug|x86.Build.0 = Debug|Any CPU
		{B1F43A68-A853-4D1C-83C0-6B62CFADFF57}.Release|Any CPU.ActiveCfg = Release|Any CPU
		{B1F43A68-A853-4D1C-83C0-6B62CFADFF57}.Release|Any CPU.Build.0 = Release|Any CPU
		{B1F43A68-A853-4D1C-83C0-6B62CFADFF57}.Release|x64.ActiveCfg = Release|Any CPU
		{B1F43A68-A853-4D1C-83C0-6B62CFADFF57}.Release|x64.Build.0 = Release|Any CPU
		{B1F43A68-A853-4D1C-83C0-6B62CFADFF57}.Release|x86.ActiveCfg = Release|Any CPU
		{B1F43A68-A853-4D1C-83C0-6B62CFADFF57}.Release|x86.Build.0 = Release|Any CPU
		{411A0E82-4426-49E7-97C4-93C74E4BC773}.Debug|Any CPU.ActiveCfg = Debug|Any CPU
		{411A0E82-4426-49E7-97C4-93C74E4BC773}.Debug|Any CPU.Build.0 = Debug|Any CPU
		{411A0E82-4426-49E7-97C4-93C74E4BC773}.Debug|x64.ActiveCfg = Debug|Any CPU
		{411A0E82-4426-49E7-97C4-93C74E4BC773}.Debug|x64.Build.0 = Debug|Any CPU
		{411A0E82-4426-49E7-97C4-93C74E4BC773}.Debug|x86.ActiveCfg = Debug|Any CPU
		{411A0E82-4426-49E7-97C4-93C74E4BC773}.Debug|x86.Build.0 = Debug|Any CPU
		{411A0E82-4426-49E7-97C4-93C74E4BC773}.Release|Any CPU.ActiveCfg = Release|Any CPU
		{411A0E82-4426-49E7-97C4-93C74E4BC773}.Release|Any CPU.Build.0 = Release|Any CPU
		{411A0E82-4426-49E7-97C4-93C74E4BC773}.Release|x64.ActiveCfg = Release|Any CPU
		{411A0E82-4426-49E7-97C4-93C74E4BC773}.Release|x64.Build.0 = Release|Any CPU
		{411A0E82-4426-49E7-97C4-93C74E4BC773}.Release|x86.ActiveCfg = Release|Any CPU
		{411A0E82-4426-49E7-97C4-93C74E4BC773}.Release|x86.Build.0 = Release|Any CPU
	EndGlobalSection
EndGlobal
